// !$*UTF8*$!
{
	archiveVersion = 1;
	classes = {
	};
	objectVersion = 46;
	objects = {

/* Begin PBXBuildFile section */
		31F9BF321C78E4D400AA7BB9 /* AppDelegate.swift in Sources */ = {isa = PBXBuildFile; fileRef = 31F9BF311C78E4D400AA7BB9 /* AppDelegate.swift */; };
		31F9BF341C78E4D400AA7BB9 /* ViewController.swift in Sources */ = {isa = PBXBuildFile; fileRef = 31F9BF331C78E4D400AA7BB9 /* ViewController.swift */; };
		31F9BF371C78E4D400AA7BB9 /* Main.storyboard in Resources */ = {isa = PBXBuildFile; fileRef = 31F9BF351C78E4D400AA7BB9 /* Main.storyboard */; };
		31F9BF391C78E4D400AA7BB9 /* Assets.xcassets in Resources */ = {isa = PBXBuildFile; fileRef = 31F9BF381C78E4D400AA7BB9 /* Assets.xcassets */; };
		31F9BF3C1C78E4D400AA7BB9 /* LaunchScreen.storyboard in Resources */ = {isa = PBXBuildFile; fileRef = 31F9BF3A1C78E4D400AA7BB9 /* LaunchScreen.storyboard */; };
		31F9BF471C78E4D400AA7BB9 /* HackMtyTests.swift in Sources */ = {isa = PBXBuildFile; fileRef = 31F9BF461C78E4D400AA7BB9 /* HackMtyTests.swift */; };
		31F9BF521C78E4D400AA7BB9 /* HackMtyUITests.swift in Sources */ = {isa = PBXBuildFile; fileRef = 31F9BF511C78E4D400AA7BB9 /* HackMtyUITests.swift */; };
/* End PBXBuildFile section */

/* Begin PBXContainerItemProxy section */
		31F9BF431C78E4D400AA7BB9 /* PBXContainerItemProxy */ = {
			isa = PBXContainerItemProxy;
			containerPortal = 31F9BF261C78E4D400AA7BB9 /* Project object */;
			proxyType = 1;
			remoteGlobalIDString = 31F9BF2D1C78E4D400AA7BB9;
			remoteInfo = HackMty;
		};
		31F9BF4E1C78E4D400AA7BB9 /* PBXContainerItemProxy */ = {
			isa = PBXContainerItemProxy;
			containerPortal = 31F9BF261C78E4D400AA7BB9 /* Project object */;
			proxyType = 1;
			remoteGlobalIDString = 31F9BF2D1C78E4D400AA7BB9;
			remoteInfo = HackMty;
		};
/* End PBXContainerItemProxy section */

/* Begin PBXFileReference section */
		31F9BF2E1C78E4D400AA7BB9 /* HackMty.app */ = {isa = PBXFileReference; explicitFileType = wrapper.application; includeInIndex = 0; path = HackMty.app; sourceTree = BUILT_PRODUCTS_DIR; };
		31F9BF311C78E4D400AA7BB9 /* AppDelegate.swift */ = {isa = PBXFileReference; lastKnownFileType = sourcecode.swift; path = AppDelegate.swift; sourceTree = "<group>"; };
		31F9BF331C78E4D400AA7BB9 /* ViewController.swift */ = {isa = PBXFileReference; lastKnownFileType = sourcecode.swift; path = ViewController.swift; sourceTree = "<group>"; };
		31F9BF361C78E4D400AA7BB9 /* Base */ = {isa = PBXFileReference; lastKnownFileType = file.storyboard; name = Base; path = Base.lproj/Main.storyboard; sourceTree = "<group>"; };
		31F9BF381C78E4D400AA7BB9 /* Assets.xcassets */ = {isa = PBXFileReference; lastKnownFileType = folder.assetcatalog; path = Assets.xcassets; sourceTree = "<group>"; };
		31F9BF3B1C78E4D400AA7BB9 /* Base */ = {isa = PBXFileReference; lastKnownFileType = file.storyboard; name = Base; path = Base.lproj/LaunchScreen.storyboard; sourceTree = "<group>"; };
		31F9BF3D1C78E4D400AA7BB9 /* Info.plist */ = {isa = PBXFileReference; lastKnownFileType = text.plist.xml; path = Info.plist; sourceTree = "<group>"; };
		31F9BF421C78E4D400AA7BB9 /* HackMtyTests.xctest */ = {isa = PBXFileReference; explicitFileType = wrapper.cfbundle; includeInIndex = 0; path = HackMtyTests.xctest; sourceTree = BUILT_PRODUCTS_DIR; };
		31F9BF461C78E4D400AA7BB9 /* HackMtyTests.swift */ = {isa = PBXFileReference; lastKnownFileType = sourcecode.swift; path = HackMtyTests.swift; sourceTree = "<group>"; };
		31F9BF481C78E4D400AA7BB9 /* Info.plist */ = {isa = PBXFileReference; lastKnownFileType = text.plist.xml; path = Info.plist; sourceTree = "<group>"; };
		31F9BF4D1C78E4D400AA7BB9 /* HackMtyUITests.xctest */ = {isa = PBXFileReference; explicitFileType = wrapper.cfbundle; includeInIndex = 0; path = HackMtyUITests.xctest; sourceTree = BUILT_PRODUCTS_DIR; };
		31F9BF511C78E4D400AA7BB9 /* HackMtyUITests.swift */ = {isa = PBXFileReference; lastKnownFileType = sourcecode.swift; path = HackMtyUITests.swift; sourceTree = "<group>"; };
		31F9BF531C78E4D400AA7BB9 /* Info.plist */ = {isa = PBXFileReference; lastKnownFileType = text.plist.xml; path = Info.plist; sourceTree = "<group>"; };
/* End PBXFileReference section */

/* Begin PBXFrameworksBuildPhase section */
		31F9BF2B1C78E4D400AA7BB9 /* Frameworks */ = {
			isa = PBXFrameworksBuildPhase;
			buildActionMask = 2147483647;
			files = (
			);
			runOnlyForDeploymentPostprocessing = 0;
		};
		31F9BF3F1C78E4D400AA7BB9 /* Frameworks */ = {
			isa = PBXFrameworksBuildPhase;
			buildActionMask = 2147483647;
			files = (
			);
			runOnlyForDeploymentPostprocessing = 0;
		};
		31F9BF4A1C78E4D400AA7BB9 /* Frameworks */ = {
			isa = PBXFrameworksBuildPhase;
			buildActionMask = 2147483647;
			files = (
			);
			runOnlyForDeploymentPostprocessing = 0;
		};
/* End PBXFrameworksBuildPhase section */

/* Begin PBXGroup section */
		31F9BF251C78E4D400AA7BB9 = {
			isa = PBXGroup;
			children = (
				31F9BF301C78E4D400AA7BB9 /* HackMty */,
				31F9BF451C78E4D400AA7BB9 /* HackMtyTests */,
				31F9BF501C78E4D400AA7BB9 /* HackMtyUITests */,
				31F9BF2F1C78E4D400AA7BB9 /* Products */,
			);
			sourceTree = "<group>";
		};
		31F9BF2F1C78E4D400AA7BB9 /* Products */ = {
			isa = PBXGroup;
			children = (
				31F9BF2E1C78E4D400AA7BB9 /* HackMty.app */,
				31F9BF421C78E4D400AA7BB9 /* HackMtyTests.xctest */,
				31F9BF4D1C78E4D400AA7BB9 /* HackMtyUITests.xctest */,
			);
			name = Products;
			sourceTree = "<group>";
		};
		31F9BF301C78E4D400AA7BB9 /* HackMty */ = {
			isa = PBXGroup;
			children = (
				31F9BF311C78E4D400AA7BB9 /* AppDelegate.swift */,
				31F9BF331C78E4D400AA7BB9 /* ViewController.swift */,
				31F9BF351C78E4D400AA7BB9 /* Main.storyboard */,
				31F9BF381C78E4D400AA7BB9 /* Assets.xcassets */,
				31F9BF3A1C78E4D400AA7BB9 /* LaunchScreen.storyboard */,
				31F9BF3D1C78E4D400AA7BB9 /* Info.plist */,
			);
			path = HackMty;
			sourceTree = "<group>";
		};
		31F9BF451C78E4D400AA7BB9 /* HackMtyTests */ = {
			isa = PBXGroup;
			children = (
				31F9BF461C78E4D400AA7BB9 /* HackMtyTests.swift */,
				31F9BF481C78E4D400AA7BB9 /* Info.plist */,
			);
			path = HackMtyTests;
			sourceTree = "<group>";
		};
		31F9BF501C78E4D400AA7BB9 /* HackMtyUITests */ = {
			isa = PBXGroup;
			children = (
				31F9BF511C78E4D400AA7BB9 /* HackMtyUITests.swift */,
				31F9BF531C78E4D400AA7BB9 /* Info.plist */,
			);
			path = HackMtyUITests;
			sourceTree = "<group>";
		};
/* End PBXGroup section */

/* Begin PBXNativeTarget section */
		31F9BF2D1C78E4D400AA7BB9 /* HackMty */ = {
			isa = PBXNativeTarget;
			buildConfigurationList = 31F9BF561C78E4D400AA7BB9 /* Build configuration list for PBXNativeTarget "HackMty" */;
			buildPhases = (
				31F9BF2A1C78E4D400AA7BB9 /* Sources */,
				31F9BF2B1C78E4D400AA7BB9 /* Frameworks */,
				31F9BF2C1C78E4D400AA7BB9 /* Resources */,
			);
			buildRules = (
			);
			dependencies = (
			);
			name = HackMty;
			productName = HackMty;
			productReference = 31F9BF2E1C78E4D400AA7BB9 /* HackMty.app */;
			productType = "com.apple.product-type.application";
		};
		31F9BF411C78E4D400AA7BB9 /* HackMtyTests */ = {
			isa = PBXNativeTarget;
			buildConfigurationList = 31F9BF591C78E4D400AA7BB9 /* Build configuration list for PBXNativeTarget "HackMtyTests" */;
			buildPhases = (
				31F9BF3E1C78E4D400AA7BB9 /* Sources */,
				31F9BF3F1C78E4D400AA7BB9 /* Frameworks */,
				31F9BF401C78E4D400AA7BB9 /* Resources */,
			);
			buildRules = (
			);
			dependencies = (
				31F9BF441C78E4D400AA7BB9 /* PBXTargetDependency */,
			);
			name = HackMtyTests;
			productName = HackMtyTests;
			productReference = 31F9BF421C78E4D400AA7BB9 /* HackMtyTests.xctest */;
			productType = "com.apple.product-type.bundle.unit-test";
		};
		31F9BF4C1C78E4D400AA7BB9 /* HackMtyUITests */ = {
			isa = PBXNativeTarget;
			buildConfigurationList = 31F9BF5C1C78E4D400AA7BB9 /* Build configuration list for PBXNativeTarget "HackMtyUITests" */;
			buildPhases = (
				31F9BF491C78E4D400AA7BB9 /* Sources */,
				31F9BF4A1C78E4D400AA7BB9 /* Frameworks */,
				31F9BF4B1C78E4D400AA7BB9 /* Resources */,
			);
			buildRules = (
			);
			dependencies = (
				31F9BF4F1C78E4D400AA7BB9 /* PBXTargetDependency */,
			);
			name = HackMtyUITests;
			productName = HackMtyUITests;
			productReference = 31F9BF4D1C78E4D400AA7BB9 /* HackMtyUITests.xctest */;
			productType = "com.apple.product-type.bundle.ui-testing";
		};
/* End PBXNativeTarget section */

/* Begin PBXProject section */
		31F9BF261C78E4D400AA7BB9 /* Project object */ = {
			isa = PBXProject;
			attributes = {
				LastSwiftUpdateCheck = 0720;
				LastUpgradeCheck = 0720;
				ORGANIZATIONNAME = "Miguel Cuellar";
				TargetAttributes = {
					31F9BF2D1C78E4D400AA7BB9 = {
						CreatedOnToolsVersion = 7.2.1;
						DevelopmentTeam = 764CCJ2LYX;
					};
					31F9BF411C78E4D400AA7BB9 = {
						CreatedOnToolsVersion = 7.2.1;
						TestTargetID = 31F9BF2D1C78E4D400AA7BB9;
					};
					31F9BF4C1C78E4D400AA7BB9 = {
						CreatedOnToolsVersion = 7.2.1;
						TestTargetID = 31F9BF2D1C78E4D400AA7BB9;
					};
				};
			};
			buildConfigurationList = 31F9BF291C78E4D400AA7BB9 /* Build configuration list for PBXProject "HackMty" */;
			compatibilityVersion = "Xcode 3.2";
			developmentRegion = English;
			hasScannedForEncodings = 0;
			knownRegions = (
				en,
				Base,
			);
			mainGroup = 31F9BF251C78E4D400AA7BB9;
			productRefGroup = 31F9BF2F1C78E4D400AA7BB9 /* Products */;
			projectDirPath = "";
			projectRoot = "";
			targets = (
				31F9BF2D1C78E4D400AA7BB9 /* HackMty */,
				31F9BF411C78E4D400AA7BB9 /* HackMtyTests */,
				31F9BF4C1C78E4D400AA7BB9 /* HackMtyUITests */,
			);
		};
/* End PBXProject section */

/* Begin PBXResourcesBuildPhase section */
		31F9BF2C1C78E4D400AA7BB9 /* Resources */ = {
			isa = PBXResourcesBuildPhase;
			buildActionMask = 2147483647;
			files = (
				31F9BF3C1C78E4D400AA7BB9 /* LaunchScreen.storyboard in Resources */,
				31F9BF391C78E4D400AA7BB9 /* Assets.xcassets in Resources */,
				31F9BF371C78E4D400AA7BB9 /* Main.storyboard in Resources */,
			);
			runOnlyForDeploymentPostprocessing = 0;
		};
		31F9BF401C78E4D400AA7BB9 /* Resources */ = {
			isa = PBXResourcesBuildPhase;
			buildActionMask = 2147483647;
			files = (
			);
			runOnlyForDeploymentPostprocessing = 0;
		};
		31F9BF4B1C78E4D400AA7BB9 /* Resources */ = {
			isa = PBXResourcesBuildPhase;
			buildActionMask = 2147483647;
			files = (
			);
			runOnlyForDeploymentPostprocessing = 0;
		};
/* End PBXResourcesBuildPhase section */

/* Begin PBXSourcesBuildPhase section */
		31F9BF2A1C78E4D400AA7BB9 /* Sources */ = {
			isa = PBXSourcesBuildPhase;
			buildActionMask = 2147483647;
			files = (
				31F9BF341C78E4D400AA7BB9 /* ViewController.swift in Sources */,
				31F9BF321C78E4D400AA7BB9 /* AppDelegate.swift in Sources */,
			);
			runOnlyForDeploymentPostprocessing = 0;
		};
		31F9BF3E1C78E4D400AA7BB9 /* Sources */ = {
			isa = PBXSourcesBuildPhase;
			buildActionMask = 2147483647;
			files = (
				31F9BF471C78E4D400AA7BB9 /* HackMtyTests.swift in Sources */,
			);
			runOnlyForDeploymentPostprocessing = 0;
		};
		31F9BF491C78E4D400AA7BB9 /* Sources */ = {
			isa = PBXSourcesBuildPhase;
			buildActionMask = 2147483647;
			files = (
				31F9BF521C78E4D400AA7BB9 /* HackMtyUITests.swift in Sources */,
			);
			runOnlyForDeploymentPostprocessing = 0;
		};
/* End PBXSourcesBuildPhase section */

/* Begin PBXTargetDependency section */
		31F9BF441C78E4D400AA7BB9 /* PBXTargetDependency */ = {
			isa = PBXTargetDependency;
			target = 31F9BF2D1C78E4D400AA7BB9 /* HackMty */;
			targetProxy = 31F9BF431C78E4D400AA7BB9 /* PBXContainerItemProxy */;
		};
		31F9BF4F1C78E4D400AA7BB9 /* PBXTargetDependency */ = {
			isa = PBXTargetDependency;
			target = 31F9BF2D1C78E4D400AA7BB9 /* HackMty */;
			targetProxy = 31F9BF4E1C78E4D400AA7BB9 /* PBXContainerItemProxy */;
		};
/* End PBXTargetDependency section */

/* Begin PBXVariantGroup section */
		31F9BF351C78E4D400AA7BB9 /* Main.storyboard */ = {
			isa = PBXVariantGroup;
			children = (
				31F9BF361C78E4D400AA7BB9 /* Base */,
			);
			name = Main.storyboard;
			sourceTree = "<group>";
		};
		31F9BF3A1C78E4D400AA7BB9 /* LaunchScreen.storyboard */ = {
			isa = PBXVariantGroup;
			children = (
				31F9BF3B1C78E4D400AA7BB9 /* Base */,
			);
			name = LaunchScreen.storyboard;
			sourceTree = "<group>";
		};
/* End PBXVariantGroup section */

/* Begin XCBuildConfiguration section */
		31F9BF541C78E4D400AA7BB9 /* Debug */ = {
			isa = XCBuildConfiguration;
			buildSettings = {
				ALWAYS_SEARCH_USER_PATHS = NO;
				CLANG_CXX_LANGUAGE_STANDARD = "gnu++0x";
				CLANG_CXX_LIBRARY = "libc++";
				CLANG_ENABLE_MODULES = YES;
				CLANG_ENABLE_OBJC_ARC = YES;
				CLANG_WARN_BOOL_CONVERSION = YES;
				CLANG_WARN_CONSTANT_CONVERSION = YES;
				CLANG_WARN_DIRECT_OBJC_ISA_USAGE = YES_ERROR;
				CLANG_WARN_EMPTY_BODY = YES;
				CLANG_WARN_ENUM_CONVERSION = YES;
				CLANG_WARN_INT_CONVERSION = YES;
				CLANG_WARN_OBJC_ROOT_CLASS = YES_ERROR;
				CLANG_WARN_UNREACHABLE_CODE = YES;
				CLANG_WARN__DUPLICATE_METHOD_MATCH = YES;
				"CODE_SIGN_IDENTITY[sdk=iphoneos*]" = "iPhone Developer";
				COPY_PHASE_STRIP = NO;
				DEBUG_INFORMATION_FORMAT = dwarf;
				ENABLE_STRICT_OBJC_MSGSEND = YES;
				ENABLE_TESTABILITY = YES;
				GCC_C_LANGUAGE_STANDARD = gnu99;
				GCC_DYNAMIC_NO_PIC = NO;
				GCC_NO_COMMON_BLOCKS = YES;
				GCC_OPTIMIZATION_LEVEL = 0;
				GCC_PREPROCESSOR_DEFINITIONS = (
					"DEBUG=1",
					"$(inherited)",
				);
				GCC_WARN_64_TO_32_BIT_CONVERSION = YES;
				GCC_WARN_ABOUT_RETURN_TYPE = YES_ERROR;
				GCC_WARN_UNDECLARED_SELECTOR = YES;
				GCC_WARN_UNINITIALIZED_AUTOS = YES_AGGRESSIVE;
				GCC_WARN_UNUSED_FUNCTION = YES;
				GCC_WARN_UNUSED_VARIABLE = YES;
				IPHONEOS_DEPLOYMENT_TARGET = 9.2;
				MTL_ENABLE_DEBUG_INFO = YES;
				ONLY_ACTIVE_ARCH = YES;
				SDKROOT = iphoneos;
				SWIFT_OPTIMIZATION_LEVEL = "-Onone";
			};
			name = Debug;
		};
		31F9BF551C78E4D400AA7BB9 /* Release */ = {
			isa = XCBuildConfiguration;
			buildSettings = {
				ALWAYS_SEARCH_USER_PATHS = NO;
				CLANG_CXX_LANGUAGE_STANDARD = "gnu++0x";
				CLANG_CXX_LIBRARY = "libc++";
				CLANG_ENABLE_MODULES = YES;
				CLANG_ENABLE_OBJC_ARC = YES;
				CLANG_WARN_BOOL_CONVERSION = YES;
				CLANG_WARN_CONSTANT_CONVERSION = YES;
				CLANG_WARN_DIRECT_OBJC_ISA_USAGE = YES_ERROR;
				CLANG_WARN_EMPTY_BODY = YES;
				CLANG_WARN_ENUM_CONVERSION = YES;
				CLANG_WARN_INT_CONVERSION = YES;
				CLANG_WARN_OBJC_ROOT_CLASS = YES_ERROR;
				CLANG_WARN_UNREACHABLE_CODE = YES;
				CLANG_WARN__DUPLICATE_METHOD_MATCH = YES;
				"CODE_SIGN_IDENTITY[sdk=iphoneos*]" = "iPhone Developer";
				COPY_PHASE_STRIP = NO;
				DEBUG_INFORMATION_FORMAT = "dwarf-with-dsym";
				ENABLE_NS_ASSERTIONS = NO;
				ENABLE_STRICT_OBJC_MSGSEND = YES;
				GCC_C_LANGUAGE_STANDARD = gnu99;
				GCC_NO_COMMON_BLOCKS = YES;
				GCC_WARN_64_TO_32_BIT_CONVERSION = YES;
				GCC_WARN_ABOUT_RETURN_TYPE = YES_ERROR;
				GCC_WARN_UNDECLARED_SELECTOR = YES;
				GCC_WARN_UNINITIALIZED_AUTOS = YES_AGGRESSIVE;
				GCC_WARN_UNUSED_FUNCTION = YES;
				GCC_WARN_UNUSED_VARIABLE = YES;
				IPHONEOS_DEPLOYMENT_TARGET = 9.2;
				MTL_ENABLE_DEBUG_INFO = NO;
				SDKROOT = iphoneos;
				VALIDATE_PRODUCT = YES;
			};
			name = Release;
		};
		31F9BF571C78E4D400AA7BB9 /* Debug */ = {
			isa = XCBuildConfiguration;
			buildSettings = {
				ASSETCATALOG_COMPILER_APPICON_NAME = AppIcon;
				CODE_SIGN_IDENTITY = "iPhone Developer";
				INFOPLIST_FILE = HackMty/Info.plist;
				LD_RUNPATH_SEARCH_PATHS = "$(inherited) @executable_path/Frameworks";
				PRODUCT_BUNDLE_IDENTIFIER = MC.HackMty;
				PRODUCT_NAME = "$(TARGET_NAME)";
			};
			name = Debug;
		};
		31F9BF581C78E4D400AA7BB9 /* Release */ = {
			isa = XCBuildConfiguration;
			buildSettings = {
				ASSETCATALOG_COMPILER_APPICON_NAME = AppIcon;
				CODE_SIGN_IDENTITY = "iPhone Developer";
				INFOPLIST_FILE = HackMty/Info.plist;
				LD_RUNPATH_SEARCH_PATHS = "$(inherited) @executable_path/Frameworks";
				PRODUCT_BUNDLE_IDENTIFIER = MC.HackMty;
				PRODUCT_NAME = "$(TARGET_NAME)";
			};
			name = Release;
		};
		31F9BF5A1C78E4D400AA7BB9 /* Debug */ = {
			isa = XCBuildConfiguration;
			buildSettings = {
				BUNDLE_LOADER = "$(TEST_HOST)";
				INFOPLIST_FILE = HackMtyTests/Info.plist;
				LD_RUNPATH_SEARCH_PATHS = "$(inherited) @executable_path/Frameworks @loader_path/Frameworks";
				PRODUCT_BUNDLE_IDENTIFIER = MC.HackMtyTests;
				PRODUCT_NAME = "$(TARGET_NAME)";
				TEST_HOST = "$(BUILT_PRODUCTS_DIR)/HackMty.app/HackMty";
			};
			name = Debug;
		};
		31F9BF5B1C78E4D400AA7BB9 /* Release */ = {
			isa = XCBuildConfiguration;
			buildSettings = {
				BUNDLE_LOADER = "$(TEST_HOST)";
				INFOPLIST_FILE = HackMtyTests/Info.plist;
				LD_RUNPATH_SEARCH_PATHS = "$(inherited) @executable_path/Frameworks @loader_path/Frameworks";
				PRODUCT_BUNDLE_IDENTIFIER = MC.HackMtyTests;
				PRODUCT_NAME = "$(TARGET_NAME)";
				TEST_HOST = "$(BUILT_PRODUCTS_DIR)/HackMty.app/HackMty";
			};
			name = Release;
		};
		31F9BF5D1C78E4D400AA7BB9 /* Debug */ = {
			isa = XCBuildConfiguration;
			buildSettings = {
				INFOPLIST_FILE = HackMtyUITests/Info.plist;
				LD_RUNPATH_SEARCH_PATHS = "$(inherited) @executable_path/Frameworks @loader_path/Frameworks";
				PRODUCT_BUNDLE_IDENTIFIER = MC.HackMtyUITests;
				PRODUCT_NAME = "$(TARGET_NAME)";
				TEST_TARGET_NAME = HackMty;
				USES_XCTRUNNER = YES;
			};
			name = Debug;
		};
		31F9BF5E1C78E4D400AA7BB9 /* Release */ = {
			isa = XCBuildConfiguration;
			buildSettings = {
				INFOPLIST_FILE = HackMtyUITests/Info.plist;
				LD_RUNPATH_SEARCH_PATHS = "$(inherited) @executable_path/Frameworks @loader_path/Frameworks";
				PRODUCT_BUNDLE_IDENTIFIER = MC.HackMtyUITests;
				PRODUCT_NAME = "$(TARGET_NAME)";
				TEST_TARGET_NAME = HackMty;
				USES_XCTRUNNER = YES;
			};
			name = Release;
		};
/* End XCBuildConfiguration section */

/* Begin XCConfigurationList section */
		31F9BF291C78E4D400AA7BB9 /* Build configuration list for PBXProject "HackMty" */ = {
			isa = XCConfigurationList;
			buildConfigurations = (
				31F9BF541C78E4D400AA7BB9 /* Debug */,
				31F9BF551C78E4D400AA7BB9 /* Release */,
			);
			defaultConfigurationIsVisible = 0;
			defaultConfigurationName = Release;
		};
		31F9BF561C78E4D400AA7BB9 /* Build configuration list for PBXNativeTarget "HackMty" */ = {
			isa = XCConfigurationList;
			buildConfigurations = (
				31F9BF571C78E4D400AA7BB9 /* Debug */,
				31F9BF581C78E4D400AA7BB9 /* Release */,
			);
			defaultConfigurationIsVisible = 0;
			defaultConfigurationName = Release;
		};
		31F9BF591C78E4D400AA7BB9 /* Build configuration list for PBXNativeTarget "HackMtyTests" */ = {
			isa = XCConfigurationList;
			buildConfigurations = (
				31F9BF5A1C78E4D400AA7BB9 /* Debug */,
				31F9BF5B1C78E4D400AA7BB9 /* Release */,
			);
			defaultConfigurationIsVisible = 0;
			defaultConfigurationName = Release;
		};
		31F9BF5C1C78E4D400AA7BB9 /* Build configuration list for PBXNativeTarget "HackMtyUITests" */ = {
			isa = XCConfigurationList;
			buildConfigurations = (
				31F9BF5D1C78E4D400AA7BB9 /* Debug */,
				31F9BF5E1C78E4D400AA7BB9 /* Release */,
			);
			defaultConfigurationIsVisible = 0;
			defaultConfigurationName = Release;
		};
/* End XCConfigurationList section */
	};
	rootObject = 31F9BF261C78E4D400AA7BB9 /* Project object */;
}
